
Microsoft Visual Studio Solution File, Format Version 12.00
# Visual Studio Version 16
VisualStudioVersion = 16.0.30128.74
MinimumVisualStudioVersion = 10.0.40219.1
Project("{FAE04EC0-301F-11D3-BF4B-00C04F79EFBC}") = "ObjectDetection", "ObjectDetection\ObjectDetection.csproj", "{1170C9C6-4D79-486E-B392-993B1323829C}"
EndProject
Global
	GlobalSection(SolutionConfigurationPlatforms) = preSolution
		Debug|Any CPU = Debug|Any CPU
		Release|Any CPU = Release|Any CPU
	EndGlobalSection
	GlobalSection(ProjectConfigurationPlatforms) = postSolution
		{1170C9C6-4D79-486E-B392-993B1323829C}.Debug|Any CPU.ActiveCfg = Debug|Any CPU
		{1170C9C6-4D79-486E-B392-993B1323829C}.Debug|Any CPU.Build.0 = Debug|Any CPU
		{1170C9C6-4D79-486E-B392-993B1323829C}.Release|Any CPU.ActiveCfg = Release|Any CPU
		{1170C9C6-4D79-486E-B392-993B1323829C}.Release|Any CPU.Build.0 = Release|Any CPU
	EndGlobalSection
	GlobalSection(SolutionProperties) = preSolution
		HideSolutionNode = FALSE
	EndGlobalSection
	GlobalSection(ExtensibilityGlobals) = postSolution
		SolutionGuid = {E4770C90-FC13-4C95-9DB4-CADEAB3E428B}
	EndGlobalSection
EndGlobal
